
Microsoft Visual Studio Solution File, Format Version 12.00
# Visual Studio Version 16
VisualStudioVersion = 16.0.29926.136
MinimumVisualStudioVersion = 10.0.40219.1
Project("{9A19103F-16F7-4668-BE54-9A1E7A4F7556}") = "Study.CoreIdp", "Study.CoreIdp\Study.CoreIdp.csproj", "{F2689EB5-1568-46A9-80FD-4BEB93861131}"
EndProject
Global
	GlobalSection(SolutionConfigurationPlatforms) = preSolution
		Debug|Any CPU = Debug|Any CPU
		Release|Any CPU = Release|Any CPU
	EndGlobalSection
	GlobalSection(ProjectConfigurationPlatforms) = postSolution
		{F2689EB5-1568-46A9-80FD-4BEB93861131}.Debug|Any CPU.ActiveCfg = Debug|Any CPU
		{F2689EB5-1568-46A9-80FD-4BEB93861131}.Debug|Any CPU.Build.0 = Debug|Any CPU
		{F2689EB5-1568-46A9-80FD-4BEB93861131}.Release|Any CPU.ActiveCfg = Release|Any CPU
		{F2689EB5-1568-46A9-80FD-4BEB93861131}.Release|Any CPU.Build.0 = Release|Any CPU
	EndGlobalSection
	GlobalSection(SolutionProperties) = preSolution
		HideSolutionNode = FALSE
	EndGlobalSection
	GlobalSection(ExtensibilityGlobals) = postSolution
		SolutionGuid = {3BB953F2-AB30-49AC-9A4D-9CBF6C79E0A4}
	EndGlobalSection
EndGlobal
